// !$*UTF8*$!
{
	archiveVersion = 1;
	classes = {
	};
	objectVersion = 46;
	objects = {

/* Begin PBXBuildFile section */
		2790E6B91CFD079E00EA135C /* AppDelegate.swift in Sources */ = {isa = PBXBuildFile; fileRef = 2790E6B81CFD079E00EA135C /* AppDelegate.swift */; };
		2790E6BB1CFD079E00EA135C /* ViewController.swift in Sources */ = {isa = PBXBuildFile; fileRef = 2790E6BA1CFD079E00EA135C /* ViewController.swift */; };
		2790E6BE1CFD079E00EA135C /* Main.storyboard in Resources */ = {isa = PBXBuildFile; fileRef = 2790E6BC1CFD079E00EA135C /* Main.storyboard */; };
		2790E6C01CFD079E00EA135C /* Assets.xcassets in Resources */ = {isa = PBXBuildFile; fileRef = 2790E6BF1CFD079E00EA135C /* Assets.xcassets */; };
		2790E6C31CFD079E00EA135C /* LaunchScreen.storyboard in Resources */ = {isa = PBXBuildFile; fileRef = 2790E6C11CFD079E00EA135C /* LaunchScreen.storyboard */; };
/* End PBXBuildFile section */

/* Begin PBXFileReference section */
		2790E6B51CFD079E00EA135C /* HolaMundo.app */ = {isa = PBXFileReference; explicitFileType = wrapper.application; includeInIndex = 0; path = HolaMundo.app; sourceTree = BUILT_PRODUCTS_DIR; };
		2790E6B81CFD079E00EA135C /* AppDelegate.swift */ = {isa = PBXFileReference; lastKnownFileType = sourcecode.swift; path = AppDelegate.swift; sourceTree = "<group>"; };
		2790E6BA1CFD079E00EA135C /* ViewController.swift */ = {isa = PBXFileReference; lastKnownFileType = sourcecode.swift; path = ViewController.swift; sourceTree = "<group>"; };
		2790E6BD1CFD079E00EA135C /* Base */ = {isa = PBXFileReference; lastKnownFileType = file.storyboard; name = Base; path = Base.lproj/Main.storyboard; sourceTree = "<group>"; };
		2790E6BF1CFD079E00EA135C /* Assets.xcassets */ = {isa = PBXFileReference; lastKnownFileType = folder.assetcatalog; path = Assets.xcassets; sourceTree = "<group>"; };
		2790E6C21CFD079E00EA135C /* Base */ = {isa = PBXFileReference; lastKnownFileType = file.storyboard; name = Base; path = Base.lproj/LaunchScreen.storyboard; sourceTree = "<group>"; };
		2790E6C41CFD079E00EA135C /* Info.plist */ = {isa = PBXFileReference; lastKnownFileType = text.plist.xml; path = Info.plist; sourceTree = "<group>"; };
/* End PBXFileReference section */

/* Begin PBXFrameworksBuildPhase section */
		2790E6B21CFD079E00EA135C /* Frameworks */ = {
			isa = PBXFrameworksBuildPhase;
			buildActionMask = 2147483647;
			files = (
			);
			runOnlyForDeploymentPostprocessing = 0;
		};
/* End PBXFrameworksBuildPhase section */

/* Begin PBXGroup section */
		2790E6AC1CFD079E00EA135C = {
			isa = PBXGroup;
			children = (
				2790E6B71CFD079E00EA135C /* HolaMundo */,
				2790E6B61CFD079E00EA135C /* Products */,
			);
			sourceTree = "<group>";
		};
		2790E6B61CFD079E00EA135C /* Products */ = {
			isa = PBXGroup;
			children = (
				2790E6B51CFD079E00EA135C /* HolaMundo.app */,
			);
			name = Products;
			sourceTree = "<group>";
		};
		2790E6B71CFD079E00EA135C /* HolaMundo */ = {
			isa = PBXGroup;
			children = (
				2790E6B81CFD079E00EA135C /* AppDelegate.swift */,
				2790E6BA1CFD079E00EA135C /* ViewController.swift */,
				2790E6BC1CFD079E00EA135C /* Main.storyboard */,
				2790E6BF1CFD079E00EA135C /* Assets.xcassets */,
				2790E6C11CFD079E00EA135C /* LaunchScreen.storyboard */,
				2790E6C41CFD079E00EA135C /* Info.plist */,
			);
			path = HolaMundo;
			sourceTree = "<group>";
		};
/* End PBXGroup section */

/* Begin PBXNativeTarget section */
		2790E6B41CFD079E00EA135C /* HolaMundo */ = {
			isa = PBXNativeTarget;
			buildConfigurationList = 2790E6C71CFD079E00EA135C /* Build configuration list for PBXNativeTarget "HolaMundo" */;
			buildPhases = (
				2790E6B11CFD079E00EA135C /* Sources */,
				2790E6B21CFD079E00EA135C /* Frameworks */,
				2790E6B31CFD079E00EA135C /* Resources */,
			);
			buildRules = (
			);
			dependencies = (
			);
			name = HolaMundo;
			productName = HolaMundo;
			productReference = 2790E6B51CFD079E00EA135C /* HolaMundo.app */;
			productType = "com.apple.product-type.application";
		};
/* End PBXNativeTarget section */

/* Begin PBXProject section */
		2790E6AD1CFD079E00EA135C /* Project object */ = {
			isa = PBXProject;
			attributes = {
				LastSwiftUpdateCheck = 0730;
				LastUpgradeCheck = 0730;
				ORGANIZATIONNAME = "David Leonardo Andrade";
				TargetAttributes = {
					2790E6B41CFD079E00EA135C = {
						CreatedOnToolsVersion = 7.3.1;
						DevelopmentTeam = 6RKW92BUBQ;
					};
				};
			};
			buildConfigurationList = 2790E6B01CFD079E00EA135C /* Build configuration list for PBXProject "HolaMundo" */;
			compatibilityVersion = "Xcode 3.2";
			developmentRegion = English;
			hasScannedForEncodings = 0;
			knownRegions = (
				en,
				Base,
			);
			mainGroup = 2790E6AC1CFD079E00EA135C;
			productRefGroup = 2790E6B61CFD079E00EA135C /* Products */;
			projectDirPath = "";
			projectRoot = "";
			targets = (
				2790E6B41CFD079E00EA135C /* HolaMundo */,
			);
		};
/* End PBXProject section */

/* Begin PBXResourcesBuildPhase section */
		2790E6B31CFD079E00EA135C /* Resources */ = {
			isa = PBXResourcesBuildPhase;
			buildActionMask = 2147483647;
			files = (
				2790E6C31CFD079E00EA135C /* LaunchScreen.storyboard in Resources */,
				2790E6C01CFD079E00EA135C /* Assets.xcassets in Resources */,
				2790E6BE1CFD079E00EA135C /* Main.storyboard in Resources */,
			);
			runOnlyForDeploymentPostprocessing = 0;
		};
/* End PBXResourcesBuildPhase section */

/* Begin PBXSourcesBuildPhase section */
		2790E6B11CFD079E00EA135C /* Sources */ = {
			isa = PBXSourcesBuildPhase;
			buildActionMask = 2147483647;
			files = (
				2790E6BB1CFD079E00EA135C /* ViewController.swift in Sources */,
				2790E6B91CFD079E00EA135C /* AppDelegate.swift in Sources */,
			);
			runOnlyForDeploymentPostprocessing = 0;
		};
/* End PBXSourcesBuildPhase section */

/* Begin PBXVariantGroup section */
		2790E6BC1CFD079E00EA135C /* Main.storyboard */ = {
			isa = PBXVariantGroup;
			children = (
				2790E6BD1CFD079E00EA135C /* Base */,
			);
			name = Main.storyboard;
			sourceTree = "<group>";
		};
		2790E6C11CFD079E00EA135C /* LaunchScreen.storyboard */ = {
			isa = PBXVariantGroup;
			children = (
				2790E6C21CFD079E00EA135C /* Base */,
			);
			name = LaunchScreen.storyboard;
			sourceTree = "<group>";
		};
/* End PBXVariantGroup section */

/* Begin XCBuildConfiguration section */
		2790E6C51CFD079E00EA135C /* Debug */ = {
			isa = XCBuildConfiguration;
			buildSettings = {
				ALWAYS_SEARCH_USER_PATHS = NO;
				CLANG_ANALYZER_NONNULL = YES;
				CLANG_CXX_LANGUAGE_STANDARD = "gnu++0x";
				CLANG_CXX_LIBRARY = "libc++";
				CLANG_ENABLE_MODULES = YES;
				CLANG_ENABLE_OBJC_ARC = YES;
				CLANG_WARN_BOOL_CONVERSION = YES;
				CLANG_WARN_CONSTANT_CONVERSION = YES;
				CLANG_WARN_DIRECT_OBJC_ISA_USAGE = YES_ERROR;
				CLANG_WARN_EMPTY_BODY = YES;
				CLANG_WARN_ENUM_CONVERSION = YES;
				CLANG_WARN_INT_CONVERSION = YES;
				CLANG_WARN_OBJC_ROOT_CLASS = YES_ERROR;
				CLANG_WARN_UNREACHABLE_CODE = YES;
				CLANG_WARN__DUPLICATE_METHOD_MATCH = YES;
				"CODE_SIGN_IDENTITY[sdk=iphoneos*]" = "iPhone Developer";
				COPY_PHASE_STRIP = NO;
				DEBUG_INFORMATION_FORMAT = dwarf;
				ENABLE_STRICT_OBJC_MSGSEND = YES;
				ENABLE_TESTABILITY = YES;
				GCC_C_LANGUAGE_STANDARD = gnu99;
				GCC_DYNAMIC_NO_PIC = NO;
				GCC_NO_COMMON_BLOCKS = YES;
				GCC_OPTIMIZATION_LEVEL = 0;
				GCC_PREPROCESSOR_DEFINITIONS = (
					"DEBUG=1",
					"$(inherited)",
				);
				GCC_WARN_64_TO_32_BIT_CONVERSION = YES;
				GCC_WARN_ABOUT_RETURN_TYPE = YES_ERROR;
				GCC_WARN_UNDECLARED_SELECTOR = YES;
				GCC_WARN_UNINITIALIZED_AUTOS = YES_AGGRESSIVE;
				GCC_WARN_UNUSED_FUNCTION = YES;
				GCC_WARN_UNUSED_VARIABLE = YES;
				IPHONEOS_DEPLOYMENT_TARGET = 9.3;
				MTL_ENABLE_DEBUG_INFO = YES;
				ONLY_ACTIVE_ARCH = YES;
				SDKROOT = iphoneos;
				SWIFT_OPTIMIZATION_LEVEL = "-Onone";
			};
			name = Debug;
		};
		2790E6C61CFD079E00EA135C /* Release */ = {
			isa = XCBuildConfiguration;
			buildSettings = {
				ALWAYS_SEARCH_USER_PATHS = NO;
				CLANG_ANALYZER_NONNULL = YES;
				CLANG_CXX_LANGUAGE_STANDARD = "gnu++0x";
				CLANG_CXX_LIBRARY = "libc++";
				CLANG_ENABLE_MODULES = YES;
				CLANG_ENABLE_OBJC_ARC = YES;
				CLANG_WARN_BOOL_CONVERSION = YES;
				CLANG_WARN_CONSTANT_CONVERSION = YES;
				CLANG_WARN_DIRECT_OBJC_ISA_USAGE = YES_ERROR;
				CLANG_WARN_EMPTY_BODY = YES;
				CLANG_WARN_ENUM_CONVERSION = YES;
				CLANG_WARN_INT_CONVERSION = YES;
				CLANG_WARN_OBJC_ROOT_CLASS = YES_ERROR;
				CLANG_WARN_UNREACHABLE_CODE = YES;
				CLANG_WARN__DUPLICATE_METHOD_MATCH = YES;
				"CODE_SIGN_IDENTITY[sdk=iphoneos*]" = "iPhone Developer";
				COPY_PHASE_STRIP = NO;
				DEBUG_INFORMATION_FORMAT = "dwarf-with-dsym";
				ENABLE_NS_ASSERTIONS = NO;
				ENABLE_STRICT_OBJC_MSGSEND = YES;
				GCC_C_LANGUAGE_STANDARD = gnu99;
				GCC_NO_COMMON_BLOCKS = YES;
				GCC_WARN_64_TO_32_BIT_CONVERSION = YES;
				GCC_WARN_ABOUT_RETURN_TYPE = YES_ERROR;
				GCC_WARN_UNDECLARED_SELECTOR = YES;
				GCC_WARN_UNINITIALIZED_AUTOS = YES_AGGRESSIVE;
				GCC_WARN_UNUSED_FUNCTION = YES;
				GCC_WARN_UNUSED_VARIABLE = YES;
				IPHONEOS_DEPLOYMENT_TARGET = 9.3;
				MTL_ENABLE_DEBUG_INFO = NO;
				SDKROOT = iphoneos;
				VALIDATE_PRODUCT = YES;
			};
			name = Release;
		};
		2790E6C81CFD079E00EA135C /* Debug */ = {
			isa = XCBuildConfiguration;
			buildSettings = {
				ASSETCATALOG_COMPILER_APPICON_NAME = AppIcon;
				CODE_SIGN_IDENTITY = "iPhone Developer";
				"CODE_SIGN_IDENTITY[sdk=iphoneos*]" = "iPhone Developer";
				INFOPLIST_FILE = HolaMundo/Info.plist;
				LD_RUNPATH_SEARCH_PATHS = "$(inherited) @executable_path/Frameworks";
				PRODUCT_BUNDLE_IDENTIFIER = com.netlogyc.cursoswift.HolaMundo;
				PRODUCT_NAME = "$(TARGET_NAME)";
				PROVISIONING_PROFILE = "";
			};
			name = Debug;
		};
		2790E6C91CFD079E00EA135C /* Release */ = {
			isa = XCBuildConfiguration;
			buildSettings = {
				ASSETCATALOG_COMPILER_APPICON_NAME = AppIcon;
				CODE_SIGN_IDENTITY = "iPhone Developer";
				"CODE_SIGN_IDENTITY[sdk=iphoneos*]" = "iPhone Developer";
				INFOPLIST_FILE = HolaMundo/Info.plist;
				LD_RUNPATH_SEARCH_PATHS = "$(inherited) @executable_path/Frameworks";
				PRODUCT_BUNDLE_IDENTIFIER = com.netlogyc.cursoswift.HolaMundo;
				PRODUCT_NAME = "$(TARGET_NAME)";
				PROVISIONING_PROFILE = "";
			};
			name = Release;
		};
/* End XCBuildConfiguration section */

/* Begin XCConfigurationList section */
		2790E6B01CFD079E00EA135C /* Build configuration list for PBXProject "HolaMundo" */ = {
			isa = XCConfigurationList;
			buildConfigurations = (
				2790E6C51CFD079E00EA135C /* Debug */,
				2790E6C61CFD079E00EA135C /* Release */,
			);
			defaultConfigurationIsVisible = 0;
			defaultConfigurationName = Release;
		};
		2790E6C71CFD079E00EA135C /* Build configuration list for PBXNativeTarget "HolaMundo" */ = {
			isa = XCConfigurationList;
			buildConfigurations = (
				2790E6C81CFD079E00EA135C /* Debug */,
				2790E6C91CFD079E00EA135C /* Release */,
			);
			defaultConfigurationIsVisible = 0;
			defaultConfigurationName = Release;
		};
/* End XCConfigurationList section */
	};
	rootObject = 2790E6AD1CFD079E00EA135C /* Project object */;
}
